
Microsoft Visual Studio Solution File, Format Version 12.00
# Visual Studio 15
VisualStudioVersion = 15.0.28307.902
MinimumVisualStudioVersion = 10.0.40219.1
Project("{8BC9CEB8-8B4A-11D0-8D11-00A0C91BC942}") = "装配路径算法", "装配路径算法\装配路径算法.vcxproj", "{EF49A5BB-5F72-437E-A68F-C2251AAF9D78}"
EndProject
Global
	GlobalSection(SolutionConfigurationPlatforms) = preSolution
		Debug|x64 = Debug|x64
		Debug|x86 = Debug|x86
		Release|x64 = Release|x64
		Release|x86 = Release|x86
	EndGlobalSection
	GlobalSection(ProjectConfigurationPlatforms) = postSolution
		{EF49A5BB-5F72-437E-A68F-C2251AAF9D78}.Debug|x64.ActiveCfg = Debug|x64
		{EF49A5BB-5F72-437E-A68F-C2251AAF9D78}.Debug|x64.Build.0 = Debug|x64
		{EF49A5BB-5F72-437E-A68F-C2251AAF9D78}.Debug|x86.ActiveCfg = Debug|Win32
		{EF49A5BB-5F72-437E-A68F-C2251AAF9D78}.Debug|x86.Build.0 = Debug|Win32
		{EF49A5BB-5F72-437E-A68F-C2251AAF9D78}.Release|x64.ActiveCfg = Release|x64
		{EF49A5BB-5F72-437E-A68F-C2251AAF9D78}.Release|x64.Build.0 = Release|x64
		{EF49A5BB-5F72-437E-A68F-C2251AAF9D78}.Release|x86.ActiveCfg = Release|Win32
		{EF49A5BB-5F72-437E-A68F-C2251AAF9D78}.Release|x86.Build.0 = Release|Win32
	EndGlobalSection
	GlobalSection(SolutionProperties) = preSolution
		HideSolutionNode = FALSE
	EndGlobalSection
	GlobalSection(ExtensibilityGlobals) = postSolution
		SolutionGuid = {508F0895-0D88-42C0-AAEB-B51A1AC76CB1}
	EndGlobalSection
EndGlobal
