
Microsoft Visual Studio Solution File, Format Version 12.00
# Visual Studio 15
VisualStudioVersion = 15.0.28307.902
MinimumVisualStudioVersion = 10.0.40219.1
Project("{8BC9CEB8-8B4A-11D0-8D11-00A0C91BC942}") = "BST", "BST\BST.vcxproj", "{56A13941-7669-48EE-8846-B9FD1118B600}"
EndProject
Global
	GlobalSection(SolutionConfigurationPlatforms) = preSolution
		Debug|x64 = Debug|x64
		Debug|x86 = Debug|x86
		Release|x64 = Release|x64
		Release|x86 = Release|x86
	EndGlobalSection
	GlobalSection(ProjectConfigurationPlatforms) = postSolution
		{56A13941-7669-48EE-8846-B9FD1118B600}.Debug|x64.ActiveCfg = Debug|x64
		{56A13941-7669-48EE-8846-B9FD1118B600}.Debug|x64.Build.0 = Debug|x64
		{56A13941-7669-48EE-8846-B9FD1118B600}.Debug|x86.ActiveCfg = Debug|Win32
		{56A13941-7669-48EE-8846-B9FD1118B600}.Debug|x86.Build.0 = Debug|Win32
		{56A13941-7669-48EE-8846-B9FD1118B600}.Release|x64.ActiveCfg = Release|x64
		{56A13941-7669-48EE-8846-B9FD1118B600}.Release|x64.Build.0 = Release|x64
		{56A13941-7669-48EE-8846-B9FD1118B600}.Release|x86.ActiveCfg = Release|Win32
		{56A13941-7669-48EE-8846-B9FD1118B600}.Release|x86.Build.0 = Release|Win32
	EndGlobalSection
	GlobalSection(SolutionProperties) = preSolution
		HideSolutionNode = FALSE
	EndGlobalSection
	GlobalSection(ExtensibilityGlobals) = postSolution
		SolutionGuid = {A8206B37-B6EE-45AC-8F2F-4D2549F39BCA}
	EndGlobalSection
EndGlobal
